
Microsoft Visual Studio Solution File, Format Version 12.00
# Visual Studio Version 16
VisualStudioVersion = 16.0.31205.134
MinimumVisualStudioVersion = 10.0.40219.1
Project("{FAE04EC0-301F-11D3-BF4B-00C04F79EFBC}") = "SerializationDemo", "SerializationDemo\SerializationDemo.csproj", "{48EEDD94-75F4-4963-A619-125C20EFDC0F}"
EndProject
Global
	GlobalSection(SolutionConfigurationPlatforms) = preSolution
		Debug|Any CPU = Debug|Any CPU
		Release|Any CPU = Release|Any CPU
	EndGlobalSection
	GlobalSection(ProjectConfigurationPlatforms) = postSolution
		{48EEDD94-75F4-4963-A619-125C20EFDC0F}.Debug|Any CPU.ActiveCfg = Debug|Any CPU
		{48EEDD94-75F4-4963-A619-125C20EFDC0F}.Debug|Any CPU.Build.0 = Debug|Any CPU
		{48EEDD94-75F4-4963-A619-125C20EFDC0F}.Release|Any CPU.ActiveCfg = Release|Any CPU
		{48EEDD94-75F4-4963-A619-125C20EFDC0F}.Release|Any CPU.Build.0 = Release|Any CPU
	EndGlobalSection
	GlobalSection(SolutionProperties) = preSolution
		HideSolutionNode = FALSE
	EndGlobalSection
	GlobalSection(ExtensibilityGlobals) = postSolution
		SolutionGuid = {2E789771-A4F5-4CC8-A010-9E971C220DA7}
	EndGlobalSection
EndGlobal
